GEM
  remote: https://rubygems.org/
  specs:
    base64 (0.3.0)
    json (2.19.3)
    logger (1.7.0)
    mini_portile2 (2.8.9)
    multi_json (1.19.1)
    mustermann (3.0.4)
      ruby2_keywords (~> 0.0.1)
    nokogiri (1.19.2)
      mini_portile2 (~> 2.8.2)
      racc (~> 1.4)
    nokogiri (1.19.2-arm64-darwin)
      racc (~> 1.4)
    racc (1.8.1)
    rack (3.2.5)
    rack-protection (4.2.1)
      base64 (>= 0.1.0)
      logger (>= 1.6.0)
      rack (>= 3.0.0, < 4)
    rack-session (2.1.1)
      base64 (>= 0.1.0)
      rack (>= 3.0.0)
    ruby2_keywords (0.0.5)
    sinatra (4.2.1)
      logger (>= 1.6.0)
      mustermann (~> 3.0)
      rack (>= 3.0.0, < 4)
      rack-protection (= 4.2.1)
      rack-session (>= 2.0.0, < 3)
      tilt (~> 2.0)
    sinatra-contrib (4.2.1)
      multi_json (>= 0.0.2)
      mustermann (~> 3.0)
      rack-protection (= 4.2.1)
      sinatra (= 4.2.1)
      tilt (~> 2.0)
    sqlite3 (2.9.2)
      mini_portile2 (~> 2.8.0)
    sqlite3 (2.9.2-arm64-darwin)
    tilt (2.7.0)

PLATFORMS
  arm64-darwin-24
  ruby

DEPENDENCIES
  json
  nokogiri
  sinatra
  sinatra-contrib
  sqlite3

BUNDLED WITH
   2.5.22
